// !$*UTF8*$!
{
	archiveVersion = 1;
	classes = {
	};
	objectVersion = 56;
	objects = {

/* Begin PBXBuildFile section */
		F9519CD72BAA2088000EF48F /* AppDelegate.swift in Sources */ = {isa = PBXBuildFile; fileRef = F9519CD62BAA2088000EF48F /* AppDelegate.swift */; };
		F9519CD92BAA2088000EF48F /* SceneDelegate.swift in Sources */ = {isa = PBXBuildFile; fileRef = F9519CD82BAA2088000EF48F /* SceneDelegate.swift */; };
		F9519CDB2BAA2088000EF48F /* ViewController.swift in Sources */ = {isa = PBXBuildFile; fileRef = F9519CDA2BAA2088000EF48F /* ViewController.swift */; };
		F9519CDE2BAA2088000EF48F /* Main.storyboard in Resources */ = {isa = PBXBuildFile; fileRef = F9519CDC2BAA2088000EF48F /* Main.storyboard */; };
		F9519CE02BAA208B000EF48F /* Assets.xcassets in Resources */ = {isa = PBXBuildFile; fileRef = F9519CDF2BAA208B000EF48F /* Assets.xcassets */; };
		F9519CE32BAA208B000EF48F /* LaunchScreen.storyboard in Resources */ = {isa = PBXBuildFile; fileRef = F9519CE12BAA208B000EF48F /* LaunchScreen.storyboard */; };
		F9519CEB2BAA21DC000EF48F /* NetworkService.swift in Sources */ = {isa = PBXBuildFile; fileRef = F9519CEA2BAA21DC000EF48F /* NetworkService.swift */; };
		F9519CEE2BABE595000EF48F /* Model.swift in Sources */ = {isa = PBXBuildFile; fileRef = F9519CED2BABE594000EF48F /* Model.swift */; };
		F9519CF12BAC0F2C000EF48F /* CoreLocation.framework in Frameworks */ = {isa = PBXBuildFile; fileRef = F9519CF02BAC0F2C000EF48F /* CoreLocation.framework */; };
		F9519CF52BAC0FF4000EF48F /* LocationService.swift in Sources */ = {isa = PBXBuildFile; fileRef = F9519CF42BAC0FF4000EF48F /* LocationService.swift */; };
		F9519CF92BACD2BC000EF48F /* CurrentWeatherViewContoller.swift in Sources */ = {isa = PBXBuildFile; fileRef = F9519CF82BACD2BC000EF48F /* CurrentWeatherViewContoller.swift */; };
		F9519CFB2BACD374000EF48F /* CurentWeatherPresenter.swift in Sources */ = {isa = PBXBuildFile; fileRef = F9519CFA2BACD374000EF48F /* CurentWeatherPresenter.swift */; };
		F9519CFD2BADF1E3000EF48F /* CurrentWeatherViewModel.swift in Sources */ = {isa = PBXBuildFile; fileRef = F9519CFC2BADF1E3000EF48F /* CurrentWeatherViewModel.swift */; };
		F9519CFF2BAE1A46000EF48F /* FiveDaysWeatherModel.swift in Sources */ = {isa = PBXBuildFile; fileRef = F9519CFE2BAE1A46000EF48F /* FiveDaysWeatherModel.swift */; };
		F9519D012BAF10A8000EF48F /* ForecastWeatherDayCell.swift in Sources */ = {isa = PBXBuildFile; fileRef = F9519D002BAF10A8000EF48F /* ForecastWeatherDayCell.swift */; };
		F9519D042BB0434F000EF48F /* UIImageView+ShowIcon.swift in Sources */ = {isa = PBXBuildFile; fileRef = F9519D032BB0434F000EF48F /* UIImageView+ShowIcon.swift */; };
/* End PBXBuildFile section */

/* Begin PBXFileReference section */
		F9519CD32BAA2088000EF48F /* Weather.app */ = {isa = PBXFileReference; explicitFileType = wrapper.application; includeInIndex = 0; path = Weather.app; sourceTree = BUILT_PRODUCTS_DIR; };
		F9519CD62BAA2088000EF48F /* AppDelegate.swift */ = {isa = PBXFileReference; lastKnownFileType = sourcecode.swift; path = AppDelegate.swift; sourceTree = "<group>"; };
		F9519CD82BAA2088000EF48F /* SceneDelegate.swift */ = {isa = PBXFileReference; lastKnownFileType = sourcecode.swift; path = SceneDelegate.swift; sourceTree = "<group>"; };
		F9519CDA2BAA2088000EF48F /* ViewController.swift */ = {isa = PBXFileReference; lastKnownFileType = sourcecode.swift; path = ViewController.swift; sourceTree = "<group>"; };
		F9519CDD2BAA2088000EF48F /* Base */ = {isa = PBXFileReference; lastKnownFileType = file.storyboard; name = Base; path = Base.lproj/Main.storyboard; sourceTree = "<group>"; };
		F9519CDF2BAA208B000EF48F /* Assets.xcassets */ = {isa = PBXFileReference; lastKnownFileType = folder.assetcatalog; path = Assets.xcassets; sourceTree = "<group>"; };
		F9519CE22BAA208B000EF48F /* Base */ = {isa = PBXFileReference; lastKnownFileType = file.storyboard; name = Base; path = Base.lproj/LaunchScreen.storyboard; sourceTree = "<group>"; };
		F9519CE42BAA208B000EF48F /* Info.plist */ = {isa = PBXFileReference; lastKnownFileType = text.plist.xml; path = Info.plist; sourceTree = "<group>"; };
		F9519CEA2BAA21DC000EF48F /* NetworkService.swift */ = {isa = PBXFileReference; lastKnownFileType = sourcecode.swift; path = NetworkService.swift; sourceTree = "<group>"; };
		F9519CED2BABE594000EF48F /* Model.swift */ = {isa = PBXFileReference; lastKnownFileType = sourcecode.swift; path = Model.swift; sourceTree = "<group>"; };
		F9519CF02BAC0F2C000EF48F /* CoreLocation.framework */ = {isa = PBXFileReference; lastKnownFileType = wrapper.framework; name = CoreLocation.framework; path = System/Library/Frameworks/CoreLocation.framework; sourceTree = SDKROOT; };
		F9519CF42BAC0FF4000EF48F /* LocationService.swift */ = {isa = PBXFileReference; lastKnownFileType = sourcecode.swift; path = LocationService.swift; sourceTree = "<group>"; };
		F9519CF82BACD2BC000EF48F /* CurrentWeatherViewContoller.swift */ = {isa = PBXFileReference; lastKnownFileType = sourcecode.swift; path = CurrentWeatherViewContoller.swift; sourceTree = "<group>"; };
		F9519CFA2BACD374000EF48F /* CurentWeatherPresenter.swift */ = {isa = PBXFileReference; lastKnownFileType = sourcecode.swift; path = CurentWeatherPresenter.swift; sourceTree = "<group>"; };
		F9519CFC2BADF1E3000EF48F /* CurrentWeatherViewModel.swift */ = {isa = PBXFileReference; lastKnownFileType = sourcecode.swift; path = CurrentWeatherViewModel.swift; sourceTree = "<group>"; };
		F9519CFE2BAE1A46000EF48F /* FiveDaysWeatherModel.swift */ = {isa = PBXFileReference; lastKnownFileType = sourcecode.swift; path = FiveDaysWeatherModel.swift; sourceTree = "<group>"; };
		F9519D002BAF10A8000EF48F /* ForecastWeatherDayCell.swift */ = {isa = PBXFileReference; lastKnownFileType = sourcecode.swift; path = ForecastWeatherDayCell.swift; sourceTree = "<group>"; };
		F9519D032BB0434F000EF48F /* UIImageView+ShowIcon.swift */ = {isa = PBXFileReference; lastKnownFileType = sourcecode.swift; path = "UIImageView+ShowIcon.swift"; sourceTree = "<group>"; };
/* End PBXFileReference section */

/* Begin PBXFrameworksBuildPhase section */
		F9519CD02BAA2088000EF48F /* Frameworks */ = {
			isa = PBXFrameworksBuildPhase;
			buildActionMask = 2147483647;
			files = (
				F9519CF12BAC0F2C000EF48F /* CoreLocation.framework in Frameworks */,
			);
			runOnlyForDeploymentPostprocessing = 0;
		};
/* End PBXFrameworksBuildPhase section */

/* Begin PBXGroup section */
		F9519CCA2BAA2088000EF48F = {
			isa = PBXGroup;
			children = (
				F9519CD52BAA2088000EF48F /* Weather */,
				F9519CD42BAA2088000EF48F /* Products */,
				F9519CEF2BAC0F2C000EF48F /* Frameworks */,
			);
			sourceTree = "<group>";
		};
		F9519CD42BAA2088000EF48F /* Products */ = {
			isa = PBXGroup;
			children = (
				F9519CD32BAA2088000EF48F /* Weather.app */,
			);
			name = Products;
			sourceTree = "<group>";
		};
		F9519CD52BAA2088000EF48F /* Weather */ = {
			isa = PBXGroup;
			children = (
				F9519D052BB049CD000EF48F /* Model */,
				F9519D022BB0433C000EF48F /* Helpers */,
				F9519CF62BACD288000EF48F /* Screens */,
				F9519CF22BAC0FAD000EF48F /* Service */,
				F9519CD62BAA2088000EF48F /* AppDelegate.swift */,
				F9519CD82BAA2088000EF48F /* SceneDelegate.swift */,
				F9519CDA2BAA2088000EF48F /* ViewController.swift */,
				F9519CDC2BAA2088000EF48F /* Main.storyboard */,
				F9519CDF2BAA208B000EF48F /* Assets.xcassets */,
				F9519CE12BAA208B000EF48F /* LaunchScreen.storyboard */,
				F9519CE42BAA208B000EF48F /* Info.plist */,
			);
			path = Weather;
			sourceTree = "<group>";
		};
		F9519CEC2BAA220C000EF48F /* Network */ = {
			isa = PBXGroup;
			children = (
				F9519CEA2BAA21DC000EF48F /* NetworkService.swift */,
			);
			path = Network;
			sourceTree = "<group>";
		};
		F9519CEF2BAC0F2C000EF48F /* Frameworks */ = {
			isa = PBXGroup;
			children = (
				F9519CF02BAC0F2C000EF48F /* CoreLocation.framework */,
			);
			name = Frameworks;
			sourceTree = "<group>";
		};
		F9519CF22BAC0FAD000EF48F /* Service */ = {
			isa = PBXGroup;
			children = (
				F9519CF32BAC0FBD000EF48F /* Location */,
				F9519CEC2BAA220C000EF48F /* Network */,
			);
			path = Service;
			sourceTree = "<group>";
		};
		F9519CF32BAC0FBD000EF48F /* Location */ = {
			isa = PBXGroup;
			children = (
				F9519CF42BAC0FF4000EF48F /* LocationService.swift */,
			);
			path = Location;
			sourceTree = "<group>";
		};
		F9519CF62BACD288000EF48F /* Screens */ = {
			isa = PBXGroup;
			children = (
				F9519CF72BACD293000EF48F /* CurrentWeather */,
			);
			path = Screens;
			sourceTree = "<group>";
		};
		F9519CF72BACD293000EF48F /* CurrentWeather */ = {
			isa = PBXGroup;
			children = (
				F9519CF82BACD2BC000EF48F /* CurrentWeatherViewContoller.swift */,
				F9519CFA2BACD374000EF48F /* CurentWeatherPresenter.swift */,
				F9519CFC2BADF1E3000EF48F /* CurrentWeatherViewModel.swift */,
				F9519D002BAF10A8000EF48F /* ForecastWeatherDayCell.swift */,
			);
			path = CurrentWeather;
			sourceTree = "<group>";
		};
		F9519D022BB0433C000EF48F /* Helpers */ = {
			isa = PBXGroup;
			children = (
				F9519D032BB0434F000EF48F /* UIImageView+ShowIcon.swift */,
			);
			path = Helpers;
			sourceTree = "<group>";
		};
		F9519D052BB049CD000EF48F /* Model */ = {
			isa = PBXGroup;
			children = (
				F9519CFE2BAE1A46000EF48F /* FiveDaysWeatherModel.swift */,
				F9519CED2BABE594000EF48F /* Model.swift */,
			);
			path = Model;
			sourceTree = "<group>";
		};
/* End PBXGroup section */

/* Begin PBXNativeTarget section */
		F9519CD22BAA2088000EF48F /* Weather */ = {
			isa = PBXNativeTarget;
			buildConfigurationList = F9519CE72BAA208B000EF48F /* Build configuration list for PBXNativeTarget "Weather" */;
			buildPhases = (
				F9519CCF2BAA2088000EF48F /* Sources */,
				F9519CD02BAA2088000EF48F /* Frameworks */,
				F9519CD12BAA2088000EF48F /* Resources */,
			);
			buildRules = (
			);
			dependencies = (
			);
			name = Weather;
			productName = Weather;
			productReference = F9519CD32BAA2088000EF48F /* Weather.app */;
			productType = "com.apple.product-type.application";
		};
/* End PBXNativeTarget section */

/* Begin PBXProject section */
		F9519CCB2BAA2088000EF48F /* Project object */ = {
			isa = PBXProject;
			attributes = {
				BuildIndependentTargetsInParallel = 1;
				LastSwiftUpdateCheck = 1520;
				LastUpgradeCheck = 1520;
				TargetAttributes = {
					F9519CD22BAA2088000EF48F = {
						CreatedOnToolsVersion = 15.2;
					};
				};
			};
			buildConfigurationList = F9519CCE2BAA2088000EF48F /* Build configuration list for PBXProject "Weather" */;
			compatibilityVersion = "Xcode 14.0";
			developmentRegion = en;
			hasScannedForEncodings = 0;
			knownRegions = (
				en,
				Base,
			);
			mainGroup = F9519CCA2BAA2088000EF48F;
			productRefGroup = F9519CD42BAA2088000EF48F /* Products */;
			projectDirPath = "";
			projectRoot = "";
			targets = (
				F9519CD22BAA2088000EF48F /* Weather */,
			);
		};
/* End PBXProject section */

/* Begin PBXResourcesBuildPhase section */
		F9519CD12BAA2088000EF48F /* Resources */ = {
			isa = PBXResourcesBuildPhase;
			buildActionMask = 2147483647;
			files = (
				F9519CE32BAA208B000EF48F /* LaunchScreen.storyboard in Resources */,
				F9519CE02BAA208B000EF48F /* Assets.xcassets in Resources */,
				F9519CDE2BAA2088000EF48F /* Main.storyboard in Resources */,
			);
			runOnlyForDeploymentPostprocessing = 0;
		};
/* End PBXResourcesBuildPhase section */

/* Begin PBXSourcesBuildPhase section */
		F9519CCF2BAA2088000EF48F /* Sources */ = {
			isa = PBXSourcesBuildPhase;
			buildActionMask = 2147483647;
			files = (
				F9519D012BAF10A8000EF48F /* ForecastWeatherDayCell.swift in Sources */,
				F9519CFD2BADF1E3000EF48F /* CurrentWeatherViewModel.swift in Sources */,
				F9519CFB2BACD374000EF48F /* CurentWeatherPresenter.swift in Sources */,
				F9519CFF2BAE1A46000EF48F /* FiveDaysWeatherModel.swift in Sources */,
				F9519D042BB0434F000EF48F /* UIImageView+ShowIcon.swift in Sources */,
				F9519CEE2BABE595000EF48F /* Model.swift in Sources */,
				F9519CDB2BAA2088000EF48F /* ViewController.swift in Sources */,
				F9519CD72BAA2088000EF48F /* AppDelegate.swift in Sources */,
				F9519CEB2BAA21DC000EF48F /* NetworkService.swift in Sources */,
				F9519CF52BAC0FF4000EF48F /* LocationService.swift in Sources */,
				F9519CD92BAA2088000EF48F /* SceneDelegate.swift in Sources */,
				F9519CF92BACD2BC000EF48F /* CurrentWeatherViewContoller.swift in Sources */,
			);
			runOnlyForDeploymentPostprocessing = 0;
		};
/* End PBXSourcesBuildPhase section */

/* Begin PBXVariantGroup section */
		F9519CDC2BAA2088000EF48F /* Main.storyboard */ = {
			isa = PBXVariantGroup;
			children = (
				F9519CDD2BAA2088000EF48F /* Base */,
			);
			name = Main.storyboard;
			sourceTree = "<group>";
		};
		F9519CE12BAA208B000EF48F /* LaunchScreen.storyboard */ = {
			isa = PBXVariantGroup;
			children = (
				F9519CE22BAA208B000EF48F /* Base */,
			);
			name = LaunchScreen.storyboard;
			sourceTree = "<group>";
		};
/* End PBXVariantGroup section */

/* Begin XCBuildConfiguration section */
		F9519CE52BAA208B000EF48F /* Debug */ = {
			isa = XCBuildConfiguration;
			buildSettings = {
				ALWAYS_SEARCH_USER_PATHS = NO;
				ASSETCATALOG_COMPILER_GENERATE_SWIFT_ASSET_SYMBOL_EXTENSIONS = YES;
				CLANG_ANALYZER_NONNULL = YES;
				CLANG_ANALYZER_NUMBER_OBJECT_CONVERSION = YES_AGGRESSIVE;
				CLANG_CXX_LANGUAGE_STANDARD = "gnu++20";
				CLANG_ENABLE_MODULES = YES;
				CLANG_ENABLE_OBJC_ARC = YES;
				CLANG_ENABLE_OBJC_WEAK = YES;
				CLANG_WARN_BLOCK_CAPTURE_AUTORELEASING = YES;
				CLANG_WARN_BOOL_CONVERSION = YES;
				CLANG_WARN_COMMA = YES;
				CLANG_WARN_CONSTANT_CONVERSION = YES;
				CLANG_WARN_DEPRECATED_OBJC_IMPLEMENTATIONS = YES;
				CLANG_WARN_DIRECT_OBJC_ISA_USAGE = YES_ERROR;
				CLANG_WARN_DOCUMENTATION_COMMENTS = YES;
				CLANG_WARN_EMPTY_BODY = YES;
				CLANG_WARN_ENUM_CONVERSION = YES;
				CLANG_WARN_INFINITE_RECURSION = YES;
				CLANG_WARN_INT_CONVERSION = YES;
				CLANG_WARN_NON_LITERAL_NULL_CONVERSION = YES;
				CLANG_WARN_OBJC_IMPLICIT_RETAIN_SELF = YES;
				CLANG_WARN_OBJC_LITERAL_CONVERSION = YES;
				CLANG_WARN_OBJC_ROOT_CLASS = YES_ERROR;
				CLANG_WARN_QUOTED_INCLUDE_IN_FRAMEWORK_HEADER = YES;
				CLANG_WARN_RANGE_LOOP_ANALYSIS = YES;
				CLANG_WARN_STRICT_PROTOTYPES = YES;
				CLANG_WARN_SUSPICIOUS_MOVE = YES;
				CLANG_WARN_UNGUARDED_AVAILABILITY = YES_AGGRESSIVE;
				CLANG_WARN_UNREACHABLE_CODE = YES;
				CLANG_WARN__DUPLICATE_METHOD_MATCH = YES;
				COPY_PHASE_STRIP = NO;
				DEBUG_INFORMATION_FORMAT = dwarf;
				ENABLE_STRICT_OBJC_MSGSEND = YES;
				ENABLE_TESTABILITY = YES;
				ENABLE_USER_SCRIPT_SANDBOXING = YES;
				GCC_C_LANGUAGE_STANDARD = gnu17;
				GCC_DYNAMIC_NO_PIC = NO;
				GCC_NO_COMMON_BLOCKS = YES;
				GCC_OPTIMIZATION_LEVEL = 0;
				GCC_PREPROCESSOR_DEFINITIONS = (
					"DEBUG=1",
					"$(inherited)",
				);
				GCC_WARN_64_TO_32_BIT_CONVERSION = YES;
				GCC_WARN_ABOUT_RETURN_TYPE = YES_ERROR;
				GCC_WARN_UNDECLARED_SELECTOR = YES;
				GCC_WARN_UNINITIALIZED_AUTOS = YES_AGGRESSIVE;
				GCC_WARN_UNUSED_FUNCTION = YES;
				GCC_WARN_UNUSED_VARIABLE = YES;
				IPHONEOS_DEPLOYMENT_TARGET = 17.2;
				LOCALIZATION_PREFERS_STRING_CATALOGS = YES;
				MTL_ENABLE_DEBUG_INFO = INCLUDE_SOURCE;
				MTL_FAST_MATH = YES;
				ONLY_ACTIVE_ARCH = YES;
				SDKROOT = iphoneos;
				SWIFT_ACTIVE_COMPILATION_CONDITIONS = "DEBUG $(inherited)";
				SWIFT_OPTIMIZATION_LEVEL = "-Onone";
			};
			name = Debug;
		};
		F9519CE62BAA208B000EF48F /* Release */ = {
			isa = XCBuildConfiguration;
			buildSettings = {
				ALWAYS_SEARCH_USER_PATHS = NO;
				ASSETCATALOG_COMPILER_GENERATE_SWIFT_ASSET_SYMBOL_EXTENSIONS = YES;
				CLANG_ANALYZER_NONNULL = YES;
				CLANG_ANALYZER_NUMBER_OBJECT_CONVERSION = YES_AGGRESSIVE;
				CLANG_CXX_LANGUAGE_STANDARD = "gnu++20";
				CLANG_ENABLE_MODULES = YES;
				CLANG_ENABLE_OBJC_ARC = YES;
				CLANG_ENABLE_OBJC_WEAK = YES;
				CLANG_WARN_BLOCK_CAPTURE_AUTORELEASING = YES;
				CLANG_WARN_BOOL_CONVERSION = YES;
				CLANG_WARN_COMMA = YES;
				CLANG_WARN_CONSTANT_CONVERSION = YES;
				CLANG_WARN_DEPRECATED_OBJC_IMPLEMENTATIONS = YES;
				CLANG_WARN_DIRECT_OBJC_ISA_USAGE = YES_ERROR;
				CLANG_WARN_DOCUMENTATION_COMMENTS = YES;
				CLANG_WARN_EMPTY_BODY = YES;
				CLANG_WARN_ENUM_CONVERSION = YES;
				CLANG_WARN_INFINITE_RECURSION = YES;
				CLANG_WARN_INT_CONVERSION = YES;
				CLANG_WARN_NON_LITERAL_NULL_CONVERSION = YES;
				CLANG_WARN_OBJC_IMPLICIT_RETAIN_SELF = YES;
				CLANG_WARN_OBJC_LITERAL_CONVERSION = YES;
				CLANG_WARN_OBJC_ROOT_CLASS = YES_ERROR;
				CLANG_WARN_QUOTED_INCLUDE_IN_FRAMEWORK_HEADER = YES;
				CLANG_WARN_RANGE_LOOP_ANALYSIS = YES;
				CLANG_WARN_STRICT_PROTOTYPES = YES;
				CLANG_WARN_SUSPICIOUS_MOVE = YES;
				CLANG_WARN_UNGUARDED_AVAILABILITY = YES_AGGRESSIVE;
				CLANG_WARN_UNREACHABLE_CODE = YES;
				CLANG_WARN__DUPLICATE_METHOD_MATCH = YES;
				COPY_PHASE_STRIP = NO;
				DEBUG_INFORMATION_FORMAT = "dwarf-with-dsym";
				ENABLE_NS_ASSERTIONS = NO;
				ENABLE_STRICT_OBJC_MSGSEND = YES;
				ENABLE_USER_SCRIPT_SANDBOXING = YES;
				GCC_C_LANGUAGE_STANDARD = gnu17;
				GCC_NO_COMMON_BLOCKS = YES;
				GCC_WARN_64_TO_32_BIT_CONVERSION = YES;
				GCC_WARN_ABOUT_RETURN_TYPE = YES_ERROR;
				GCC_WARN_UNDECLARED_SELECTOR = YES;
				GCC_WARN_UNINITIALIZED_AUTOS = YES_AGGRESSIVE;
				GCC_WARN_UNUSED_FUNCTION = YES;
				GCC_WARN_UNUSED_VARIABLE = YES;
				IPHONEOS_DEPLOYMENT_TARGET = 17.2;
				LOCALIZATION_PREFERS_STRING_CATALOGS = YES;
				MTL_ENABLE_DEBUG_INFO = NO;
				MTL_FAST_MATH = YES;
				SDKROOT = iphoneos;
				SWIFT_COMPILATION_MODE = wholemodule;
				VALIDATE_PRODUCT = YES;
			};
			name = Release;
		};
		F9519CE82BAA208B000EF48F /* Debug */ = {
			isa = XCBuildConfiguration;
			buildSettings = {
				ASSETCATALOG_COMPILER_APPICON_NAME = AppIcon;
				ASSETCATALOG_COMPILER_GLOBAL_ACCENT_COLOR_NAME = AccentColor;
				CODE_SIGN_STYLE = Automatic;
				CURRENT_PROJECT_VERSION = 1;
				GENERATE_INFOPLIST_FILE = YES;
				INFOPLIST_FILE = Weather/Info.plist;
				INFOPLIST_KEY_UIApplicationSupportsIndirectInputEvents = YES;
				INFOPLIST_KEY_UILaunchStoryboardName = LaunchScreen;
				INFOPLIST_KEY_UIMainStoryboardFile = Main;
				INFOPLIST_KEY_UIStatusBarStyle = "";
				INFOPLIST_KEY_UISupportedInterfaceOrientations = UIInterfaceOrientationPortrait;
				IPHONEOS_DEPLOYMENT_TARGET = 16.0;
				LD_RUNPATH_SEARCH_PATHS = (
					"$(inherited)",
					"@executable_path/Frameworks",
				);
				MARKETING_VERSION = 1.0;
				PRODUCT_BUNDLE_IDENTIFIER = "Kirill-Zubkov.Weather";
				PRODUCT_NAME = "$(TARGET_NAME)";
				SUPPORTED_PLATFORMS = "iphoneos iphonesimulator";
				SUPPORTS_MACCATALYST = NO;
				SUPPORTS_MAC_DESIGNED_FOR_IPHONE_IPAD = NO;
				SUPPORTS_XR_DESIGNED_FOR_IPHONE_IPAD = NO;
				SWIFT_EMIT_LOC_STRINGS = YES;
				SWIFT_VERSION = 5.0;
				TARGETED_DEVICE_FAMILY = 1;
			};
			name = Debug;
		};
		F9519CE92BAA208B000EF48F /* Release */ = {
			isa = XCBuildConfiguration;
			buildSettings = {
				ASSETCATALOG_COMPILER_APPICON_NAME = AppIcon;
				ASSETCATALOG_COMPILER_GLOBAL_ACCENT_COLOR_NAME = AccentColor;
				CODE_SIGN_STYLE = Automatic;
				CURRENT_PROJECT_VERSION = 1;
				GENERATE_INFOPLIST_FILE = YES;
				INFOPLIST_FILE = Weather/Info.plist;
				INFOPLIST_KEY_UIApplicationSupportsIndirectInputEvents = YES;
				INFOPLIST_KEY_UILaunchStoryboardName = LaunchScreen;
				INFOPLIST_KEY_UIMainStoryboardFile = Main;
				INFOPLIST_KEY_UIStatusBarStyle = "";
				INFOPLIST_KEY_UISupportedInterfaceOrientations = UIInterfaceOrientationPortrait;
				IPHONEOS_DEPLOYMENT_TARGET = 16.0;
				LD_RUNPATH_SEARCH_PATHS = (
					"$(inherited)",
					"@executable_path/Frameworks",
				);
				MARKETING_VERSION = 1.0;
				PRODUCT_BUNDLE_IDENTIFIER = "Kirill-Zubkov.Weather";
				PRODUCT_NAME = "$(TARGET_NAME)";
				SUPPORTED_PLATFORMS = "iphoneos iphonesimulator";
				SUPPORTS_MACCATALYST = NO;
				SUPPORTS_MAC_DESIGNED_FOR_IPHONE_IPAD = NO;
				SUPPORTS_XR_DESIGNED_FOR_IPHONE_IPAD = NO;
				SWIFT_EMIT_LOC_STRINGS = YES;
				SWIFT_VERSION = 5.0;
				TARGETED_DEVICE_FAMILY = 1;
			};
			name = Release;
		};
/* End XCBuildConfiguration section */

/* Begin XCConfigurationList section */
		F9519CCE2BAA2088000EF48F /* Build configuration list for PBXProject "Weather" */ = {
			isa = XCConfigurationList;
			buildConfigurations = (
				F9519CE52BAA208B000EF48F /* Debug */,
				F9519CE62BAA208B000EF48F /* Release */,
			);
			defaultConfigurationIsVisible = 0;
			defaultConfigurationName = Release;
		};
		F9519CE72BAA208B000EF48F /* Build configuration list for PBXNativeTarget "Weather" */ = {
			isa = XCConfigurationList;
			buildConfigurations = (
				F9519CE82BAA208B000EF48F /* Debug */,
				F9519CE92BAA208B000EF48F /* Release */,
			);
			defaultConfigurationIsVisible = 0;
			defaultConfigurationName = Release;
		};
/* End XCConfigurationList section */
	};
	rootObject = F9519CCB2BAA2088000EF48F /* Project object */;
}
